
Microsoft Visual Studio Solution File, Format Version 12.00
# Visual Studio Version 16
VisualStudioVersion = 16.0.30114.105
MinimumVisualStudioVersion = 10.0.40219.1
Project("{8BC9CEB8-8B4A-11D0-8D11-00A0C91BC942}") = "CustomerCilent", "CustomerCilent.vcxproj", "{27FFF3B2-74C8-4DAD-ABEF-30F591D19838}"
EndProject
Global
	GlobalSection(SolutionConfigurationPlatforms) = preSolution
		Debug|x64 = Debug|x64
		Release|x64 = Release|x64
	EndGlobalSection
	GlobalSection(ProjectConfigurationPlatforms) = postSolution
		{27FFF3B2-74C8-4DAD-ABEF-30F591D19838}.Debug|x64.ActiveCfg = Debug|x64
		{27FFF3B2-74C8-4DAD-ABEF-30F591D19838}.Debug|x64.Build.0 = Debug|x64
		{27FFF3B2-74C8-4DAD-ABEF-30F591D19838}.Release|x64.ActiveCfg = Release|x64
		{27FFF3B2-74C8-4DAD-ABEF-30F591D19838}.Release|x64.Build.0 = Release|x64
	EndGlobalSection
	GlobalSection(SolutionProperties) = preSolution
		HideSolutionNode = FALSE
	EndGlobalSection
	GlobalSection(ExtensibilityGlobals) = postSolution
		SolutionGuid = {73012A2A-C4B0-43F2-A9F5-F3A7552B2CBA}
	EndGlobalSection
EndGlobal
