<?xml version="1.0" encoding="utf-8"?>
<Project ToolsVersion="4.0" xmlns="http://schemas.microsoft.com/developer/msbuild/2003">
  <ItemGroup>
    <Filter Include="Header Files">
      <UniqueIdentifier>{93995380-89BD-4b04-88EB-625FBE52EBFB}</UniqueIdentifier>
      <Extensions>h;hh;hpp;hxx;hm;inl;inc;xsd</Extensions>
    </Filter>
    <Filter Include="Resource Files">
      <UniqueIdentifier>{67DA6AB6-F800-4c08-8B7A-83BB121AAD01}</UniqueIdentifier>
      <Extensions>rc;ico;cur;bmp;dlg;rc2;rct;bin;rgs;gif;jpg;jpeg;jpe;resx;tiff;tif;png;wav;mfcribbon-ms</Extensions>
    </Filter>
    <Filter Include="Form Files">
      <UniqueIdentifier>{99349809-55BA-4b9d-BF79-8FDBB0286EB3}</UniqueIdentifier>
      <Extensions>ui</Extensions>
    </Filter>
    <Filter Include="Resource Files">
      <UniqueIdentifier>{D9D6E242-F8AF-46E4-B9FD-80ECBC20BA3E}</UniqueIdentifier>
      <Extensions>qrc;*</Extensions>
      <ParseFiles>false</ParseFiles>
    </Filter>
    <Filter Include="Source Files">
      <UniqueIdentifier>{4FC737F1-C7A5-4376-A066-2A32D752A2FF}</UniqueIdentifier>
      <Extensions>cpp;c;cc;cxx;def;odl;idl;hpj;bat;asm;asmx</Extensions>
      <ParseFiles>true</ParseFiles>
    </Filter>
  </ItemGroup>
  <ItemGroup>
    <QtMoc Include="ACsystemServer.h">
      <Filter>Header Files</Filter>
    </QtMoc>
    <QtUic Include="UIAdmin.ui">
      <Filter>Resource Files</Filter>
    </QtUic>
    <QtUic Include="UIManager.ui">
      <Filter>Resource Files</Filter>
    </QtUic>
    <QtUic Include="UIOptReport.ui">
      <Filter>Resource Files</Filter>
    </QtUic>
    <QtUic Include="UIPassword.ui">
      <Filter>Resource Files</Filter>
    </QtUic>
    <QtUic Include="UIReception.ui">
      <Filter>Resource Files</Filter>
    </QtUic>
    <QtUic Include="UIServerMain.ui">
      <Filter>Resource Files</Filter>
    </QtUic>
  </ItemGroup>
  <ItemGroup>
    <QtRcc Include="ACsystemServer.qrc" />
  </ItemGroup>
  <ItemGroup>
    <QtMoc Include="ACController.h">
      <Filter>Header Files</Filter>
    </QtMoc>
    <QtMoc Include="Scheduler.h">
      <Filter>Header Files</Filter>
    </QtMoc>
    <QtMoc Include="TcpSocket.h">
      <Filter>Header Files</Filter>
    </QtMoc>
    <QtMoc Include="TcpServer.h">
      <Filter>Header Files</Filter>
    </QtMoc>
    <QtMoc Include="queueRequestObject1.h">
      <Filter>Header Files</Filter>
    </QtMoc>
    <QtMoc Include="queueServiceObject1.h">
      <Filter>Header Files</Filter>
    </QtMoc>
    <QtMoc Include="UIAdmin.h">
      <Filter>Header Files</Filter>
    </QtMoc>
    <QtMoc Include="UIManager.h">
      <Filter>Header Files</Filter>
    </QtMoc>
    <QtMoc Include="UIOptReport.h">
      <Filter>Header Files</Filter>
    </QtMoc>
    <QtMoc Include="UIPassword.h">
      <Filter>Header Files</Filter>
    </QtMoc>
    <QtMoc Include="UIReception.h">
      <Filter>Header Files</Filter>
    </QtMoc>
    <QtMoc Include="UIServerMain.h">
      <Filter>Header Files</Filter>
    </QtMoc>
    <QtMoc Include="RoomUpdate.h">
      <Filter>Header Files</Filter>
    </QtMoc>
    <QtMoc Include="DBFacade.h">
      <Filter>Header Files</Filter>
    </QtMoc>
  </ItemGroup>
  <ItemGroup>
    <ClCompile Include="main.cpp">
      <Filter>Resource Files</Filter>
    </ClCompile>
    <ClCompile Include="queueRequestObject1.cpp">
      <Filter>Resource Files</Filter>
    </ClCompile>
    <ClCompile Include="queueServiceObject1.cpp">
      <Filter>Resource Files</Filter>
    </ClCompile>
    <ClCompile Include="Scheduler.cpp">
      <Filter>Resource Files</Filter>
    </ClCompile>
    <ClCompile Include="TcpServer.cpp">
      <Filter>Resource Files</Filter>
    </ClCompile>
    <ClCompile Include="TcpSocket.cpp">
      <Filter>Resource Files</Filter>
    </ClCompile>
    <ClCompile Include="ACController.cpp">
      <Filter>Resource Files</Filter>
    </ClCompile>
    <ClCompile Include="ACsystemServer.cpp">
      <Filter>Resource Files</Filter>
    </ClCompile>
    <ClCompile Include="UIAdmin.cpp">
      <Filter>Resource Files</Filter>
    </ClCompile>
    <ClCompile Include="UIManager.cpp">
      <Filter>Resource Files</Filter>
    </ClCompile>
    <ClCompile Include="UIOptReport.cpp">
      <Filter>Resource Files</Filter>
    </ClCompile>
    <ClCompile Include="UIPassword.cpp">
      <Filter>Resource Files</Filter>
    </ClCompile>
    <ClCompile Include="UIReception.cpp">
      <Filter>Resource Files</Filter>
    </ClCompile>
    <ClCompile Include="UIServerMain.cpp">
      <Filter>Resource Files</Filter>
    </ClCompile>
    <ClCompile Include="global.cpp">
      <Filter>Resource Files</Filter>
    </ClCompile>
    <ClCompile Include="Report.cpp">
      <Filter>Resource Files</Filter>
    </ClCompile>
    <ClCompile Include="RoomUpdate.cpp">
      <Filter>Resource Files</Filter>
    </ClCompile>
    <ClCompile Include="DBFacade.cpp">
      <Filter>Source Files</Filter>
    </ClCompile>
  </ItemGroup>
  <ItemGroup>
    <ClInclude Include="global.h">
      <Filter>Header Files</Filter>
    </ClInclude>
    <ClInclude Include="Report.h">
      <Filter>Header Files</Filter>
    </ClInclude>
  </ItemGroup>
</Project>